// !$*UTF8*$!
{
	archiveVersion = 1;
	classes = {
	};
	objectVersion = 51;
	objects = {

/* Begin PBXBuildFile section */
		6B6D997CA0BF6E6E30F5C72C /* Pods_Personal_PersonalUITests.framework in Frameworks */ = {isa = PBXBuildFile; fileRef = 19F22F6EDD8DD3879E8DC27B /* Pods_Personal_PersonalUITests.framework */; };
		8C228D932708C3ED006EA9FA /* VIewExtension.swift in Sources */ = {isa = PBXBuildFile; fileRef = 8C228D922708C3ED006EA9FA /* VIewExtension.swift */; };
		8C4CC96F27040F4800D4E4EB /* SubModels.swift in Sources */ = {isa = PBXBuildFile; fileRef = 8C4CC96E27040F4800D4E4EB /* SubModels.swift */; };
		8C4CC97227040FDB00D4E4EB /* HomeModels.swift in Sources */ = {isa = PBXBuildFile; fileRef = 8C4CC97127040FDB00D4E4EB /* HomeModels.swift */; };
		8C4CC97727042F9B00D4E4EB /* ImageViewExtension.swift in Sources */ = {isa = PBXBuildFile; fileRef = 8C4CC97627042F9B00D4E4EB /* ImageViewExtension.swift */; };
		8C4CC9792705547800D4E4EB /* SkeletonDisplayable.swift in Sources */ = {isa = PBXBuildFile; fileRef = 8C4CC9782705547800D4E4EB /* SkeletonDisplayable.swift */; };
		8C4CC97D270602FE00D4E4EB /* ScrollViewExtension.swift in Sources */ = {isa = PBXBuildFile; fileRef = 8C4CC97C270602FE00D4E4EB /* ScrollViewExtension.swift */; };
		8C6E790B2700BFD1002A01C2 /* HomeTableViewCell.swift in Sources */ = {isa = PBXBuildFile; fileRef = 8C6E790A2700BFD1002A01C2 /* HomeTableViewCell.swift */; };
		8C6E790E2700C13C002A01C2 /* HomeInteractor.swift in Sources */ = {isa = PBXBuildFile; fileRef = 8C6E790D2700C13C002A01C2 /* HomeInteractor.swift */; };
		8C6E79122700C162002A01C2 /* HomePresenter.swift in Sources */ = {isa = PBXBuildFile; fileRef = 8C6E79112700C162002A01C2 /* HomePresenter.swift */; };
		8C6E79142700C179002A01C2 /* HomeRouter.swift in Sources */ = {isa = PBXBuildFile; fileRef = 8C6E79132700C179002A01C2 /* HomeRouter.swift */; };
		8C6E79162700C228002A01C2 /* BaseViewController.swift in Sources */ = {isa = PBXBuildFile; fileRef = 8C6E79152700C228002A01C2 /* BaseViewController.swift */; };
		8C6E79192700C513002A01C2 /* SubViewController.swift in Sources */ = {isa = PBXBuildFile; fileRef = 8C6E79182700C513002A01C2 /* SubViewController.swift */; };
		8C6E791B2700C636002A01C2 /* SubInteractor.swift in Sources */ = {isa = PBXBuildFile; fileRef = 8C6E791A2700C636002A01C2 /* SubInteractor.swift */; };
		8C6E791D2700C640002A01C2 /* SubPresenter.swift in Sources */ = {isa = PBXBuildFile; fileRef = 8C6E791C2700C640002A01C2 /* SubPresenter.swift */; };
		8C6E791F2700C64F002A01C2 /* SubRouter.swift in Sources */ = {isa = PBXBuildFile; fileRef = 8C6E791E2700C64F002A01C2 /* SubRouter.swift */; };
		8C6E79222700DFE7002A01C2 /* IntroViewController.swift in Sources */ = {isa = PBXBuildFile; fileRef = 8C6E79212700DFE7002A01C2 /* IntroViewController.swift */; };
		8C6E79242700E02D002A01C2 /* IntroInteractor.swift in Sources */ = {isa = PBXBuildFile; fileRef = 8C6E79232700E02D002A01C2 /* IntroInteractor.swift */; };
		8C6E79262700E03B002A01C2 /* IntroPresenter.swift in Sources */ = {isa = PBXBuildFile; fileRef = 8C6E79252700E03B002A01C2 /* IntroPresenter.swift */; };
		8C6E79282700E049002A01C2 /* IntroRouter.swift in Sources */ = {isa = PBXBuildFile; fileRef = 8C6E79272700E048002A01C2 /* IntroRouter.swift */; };
		8C711BEB270AFC9F00DAB6EB /* AppConfig.swift in Sources */ = {isa = PBXBuildFile; fileRef = 8C711BEA270AFC9F00DAB6EB /* AppConfig.swift */; };
		8C711BED270B0CB600DAB6EB /* MyTestViewController.swift in Sources */ = {isa = PBXBuildFile; fileRef = 8C711BEC270B0CB600DAB6EB /* MyTestViewController.swift */; };
		8C711BEF270B226A00DAB6EB /* PopupView.swift in Sources */ = {isa = PBXBuildFile; fileRef = 8C711BEE270B226A00DAB6EB /* PopupView.swift */; };
		8C711BF1270B2AA600DAB6EB /* PopupViewController.swift in Sources */ = {isa = PBXBuildFile; fileRef = 8C711BF0270B2AA600DAB6EB /* PopupViewController.swift */; };
		8C711BF4270B41AB00DAB6EB /* PopupInteractor.swift in Sources */ = {isa = PBXBuildFile; fileRef = 8C711BF3270B41AB00DAB6EB /* PopupInteractor.swift */; };
		8C711BF6270B41BD00DAB6EB /* PopupPresenter.swift in Sources */ = {isa = PBXBuildFile; fileRef = 8C711BF5270B41BD00DAB6EB /* PopupPresenter.swift */; };
		8C711BF8270B41C800DAB6EB /* PopupRouter.swift in Sources */ = {isa = PBXBuildFile; fileRef = 8C711BF7270B41C800DAB6EB /* PopupRouter.swift */; };
		8C711BFA270B41D500DAB6EB /* PopupModels.swift in Sources */ = {isa = PBXBuildFile; fileRef = 8C711BF9270B41D500DAB6EB /* PopupModels.swift */; };
		8C711BFC270B4B0F00DAB6EB /* Orders.swift in Sources */ = {isa = PBXBuildFile; fileRef = 8C711BFB270B4B0F00DAB6EB /* Orders.swift */; };
		8CA67D922703913F00D7C684 /* SceneDelegate.swift in Sources */ = {isa = PBXBuildFile; fileRef = 8CA67D912703913F00D7C684 /* SceneDelegate.swift */; };
		8CBA62D526FC8D6C00EFD030 /* AppDelegate.swift in Sources */ = {isa = PBXBuildFile; fileRef = 8CBA62D426FC8D6C00EFD030 /* AppDelegate.swift */; };
		8CBA62D926FC8D6C00EFD030 /* HomeViewController.swift in Sources */ = {isa = PBXBuildFile; fileRef = 8CBA62D826FC8D6C00EFD030 /* HomeViewController.swift */; };
		8CBA62DC26FC8D6C00EFD030 /* Main.storyboard in Resources */ = {isa = PBXBuildFile; fileRef = 8CBA62DA26FC8D6C00EFD030 /* Main.storyboard */; };
		8CBA62DE26FC8D6D00EFD030 /* Assets.xcassets in Resources */ = {isa = PBXBuildFile; fileRef = 8CBA62DD26FC8D6D00EFD030 /* Assets.xcassets */; };
		8CBA62E126FC8D6D00EFD030 /* LaunchScreen.storyboard in Resources */ = {isa = PBXBuildFile; fileRef = 8CBA62DF26FC8D6D00EFD030 /* LaunchScreen.storyboard */; };
		8CBA62EC26FC8D6D00EFD030 /* PersonalTests.swift in Sources */ = {isa = PBXBuildFile; fileRef = 8CBA62EB26FC8D6D00EFD030 /* PersonalTests.swift */; };
		8CBA62F726FC8D6D00EFD030 /* PersonalUITests.swift in Sources */ = {isa = PBXBuildFile; fileRef = 8CBA62F626FC8D6D00EFD030 /* PersonalUITests.swift */; };
		8CD96B2C2701BBA8000E978C /* Logger.swift in Sources */ = {isa = PBXBuildFile; fileRef = 8CD96B2B2701BBA8000E978C /* Logger.swift */; };
		8CD96B322701CD35000E978C /* NavigationViewController.swift in Sources */ = {isa = PBXBuildFile; fileRef = 8CD96B312701CD35000E978C /* NavigationViewController.swift */; };
		8CE65509270E2098002A838C /* LabelExtension.swift in Sources */ = {isa = PBXBuildFile; fileRef = 8CE65508270E2098002A838C /* LabelExtension.swift */; };
		8CE6550B270E20E3002A838C /* ColorExtension.swift in Sources */ = {isa = PBXBuildFile; fileRef = 8CE6550A270E20E3002A838C /* ColorExtension.swift */; };
		8CE6550D270E2126002A838C /* FontExtension.swift in Sources */ = {isa = PBXBuildFile; fileRef = 8CE6550C270E2126002A838C /* FontExtension.swift */; };
		8CE6550F270E2693002A838C /* StringExtension.swift in Sources */ = {isa = PBXBuildFile; fileRef = 8CE6550E270E2693002A838C /* StringExtension.swift */; };
		B654A05F459E69509A70A6C3 /* Pods_Personal.framework in Frameworks */ = {isa = PBXBuildFile; fileRef = F41E71E1F13DBF54664DB6DD /* Pods_Personal.framework */; };
		F8DF150B16282690BB9B5F45 /* Pods_PersonalTests.framework in Frameworks */ = {isa = PBXBuildFile; fileRef = 9A419BC1FEECE110E948B92F /* Pods_PersonalTests.framework */; };
/* End PBXBuildFile section */

/* Begin PBXContainerItemProxy section */
		8CBA62E826FC8D6D00EFD030 /* PBXContainerItemProxy */ = {
			isa = PBXContainerItemProxy;
			containerPortal = 8CBA62C926FC8D6C00EFD030 /* Project object */;
			proxyType = 1;
			remoteGlobalIDString = 8CBA62D026FC8D6C00EFD030;
			remoteInfo = Personal;
		};
		8CBA62F326FC8D6D00EFD030 /* PBXContainerItemProxy */ = {
			isa = PBXContainerItemProxy;
			containerPortal = 8CBA62C926FC8D6C00EFD030 /* Project object */;
			proxyType = 1;
			remoteGlobalIDString = 8CBA62D026FC8D6C00EFD030;
			remoteInfo = Personal;
		};
/* End PBXContainerItemProxy section */

/* Begin PBXFileReference section */
		19F22F6EDD8DD3879E8DC27B /* Pods_Personal_PersonalUITests.framework */ = {isa = PBXFileReference; explicitFileType = wrapper.framework; includeInIndex = 0; path = Pods_Personal_PersonalUITests.framework; sourceTree = BUILT_PRODUCTS_DIR; };
		6F66D734FA3BDAA0639F01F5 /* Pods-Personal-PersonalUITests.debug.xcconfig */ = {isa = PBXFileReference; includeInIndex = 1; lastKnownFileType = text.xcconfig; name = "Pods-Personal-PersonalUITests.debug.xcconfig"; path = "Target Support Files/Pods-Personal-PersonalUITests/Pods-Personal-PersonalUITests.debug.xcconfig"; sourceTree = "<group>"; };
		7DE3BF82D1C1D6E2F0C73570 /* Pods-PersonalTests.debug.xcconfig */ = {isa = PBXFileReference; includeInIndex = 1; lastKnownFileType = text.xcconfig; name = "Pods-PersonalTests.debug.xcconfig"; path = "Target Support Files/Pods-PersonalTests/Pods-PersonalTests.debug.xcconfig"; sourceTree = "<group>"; };
		8C228D922708C3ED006EA9FA /* VIewExtension.swift */ = {isa = PBXFileReference; lastKnownFileType = sourcecode.swift; path = VIewExtension.swift; sourceTree = "<group>"; };
		8C4CC96E27040F4800D4E4EB /* SubModels.swift */ = {isa = PBXFileReference; lastKnownFileType = sourcecode.swift; path = SubModels.swift; sourceTree = "<group>"; };
		8C4CC97127040FDB00D4E4EB /* HomeModels.swift */ = {isa = PBXFileReference; lastKnownFileType = sourcecode.swift; path = HomeModels.swift; sourceTree = "<group>"; };
		8C4CC97627042F9B00D4E4EB /* ImageViewExtension.swift */ = {isa = PBXFileReference; lastKnownFileType = sourcecode.swift; path = ImageViewExtension.swift; sourceTree = "<group>"; };
		8C4CC9782705547800D4E4EB /* SkeletonDisplayable.swift */ = {isa = PBXFileReference; lastKnownFileType = sourcecode.swift; path = SkeletonDisplayable.swift; sourceTree = "<group>"; };
		8C4CC97C270602FE00D4E4EB /* ScrollViewExtension.swift */ = {isa = PBXFileReference; lastKnownFileType = sourcecode.swift; path = ScrollViewExtension.swift; sourceTree = "<group>"; };
		8C6E790A2700BFD1002A01C2 /* HomeTableViewCell.swift */ = {isa = PBXFileReference; lastKnownFileType = sourcecode.swift; path = HomeTableViewCell.swift; sourceTree = "<group>"; };
		8C6E790D2700C13C002A01C2 /* HomeInteractor.swift */ = {isa = PBXFileReference; lastKnownFileType = sourcecode.swift; path = HomeInteractor.swift; sourceTree = "<group>"; };
		8C6E79112700C162002A01C2 /* HomePresenter.swift */ = {isa = PBXFileReference; lastKnownFileType = sourcecode.swift; path = HomePresenter.swift; sourceTree = "<group>"; };
		8C6E79132700C179002A01C2 /* HomeRouter.swift */ = {isa = PBXFileReference; lastKnownFileType = sourcecode.swift; path = HomeRouter.swift; sourceTree = "<group>"; };
		8C6E79152700C228002A01C2 /* BaseViewController.swift */ = {isa = PBXFileReference; lastKnownFileType = sourcecode.swift; path = BaseViewController.swift; sourceTree = "<group>"; };
		8C6E79182700C513002A01C2 /* SubViewController.swift */ = {isa = PBXFileReference; lastKnownFileType = sourcecode.swift; path = SubViewController.swift; sourceTree = "<group>"; };
		8C6E791A2700C636002A01C2 /* SubInteractor.swift */ = {isa = PBXFileReference; lastKnownFileType = sourcecode.swift; path = SubInteractor.swift; sourceTree = "<group>"; };
		8C6E791C2700C640002A01C2 /* SubPresenter.swift */ = {isa = PBXFileReference; lastKnownFileType = sourcecode.swift; path = SubPresenter.swift; sourceTree = "<group>"; };
		8C6E791E2700C64F002A01C2 /* SubRouter.swift */ = {isa = PBXFileReference; lastKnownFileType = sourcecode.swift; path = SubRouter.swift; sourceTree = "<group>"; };
		8C6E79212700DFE7002A01C2 /* IntroViewController.swift */ = {isa = PBXFileReference; lastKnownFileType = sourcecode.swift; path = IntroViewController.swift; sourceTree = "<group>"; };
		8C6E79232700E02D002A01C2 /* IntroInteractor.swift */ = {isa = PBXFileReference; lastKnownFileType = sourcecode.swift; path = IntroInteractor.swift; sourceTree = "<group>"; };
		8C6E79252700E03B002A01C2 /* IntroPresenter.swift */ = {isa = PBXFileReference; lastKnownFileType = sourcecode.swift; path = IntroPresenter.swift; sourceTree = "<group>"; };
		8C6E79272700E048002A01C2 /* IntroRouter.swift */ = {isa = PBXFileReference; lastKnownFileType = sourcecode.swift; path = IntroRouter.swift; sourceTree = "<group>"; };
		8C711BEA270AFC9F00DAB6EB /* AppConfig.swift */ = {isa = PBXFileReference; lastKnownFileType = sourcecode.swift; path = AppConfig.swift; sourceTree = "<group>"; };
		8C711BEC270B0CB600DAB6EB /* MyTestViewController.swift */ = {isa = PBXFileReference; lastKnownFileType = sourcecode.swift; path = MyTestViewController.swift; sourceTree = "<group>"; };
		8C711BEE270B226A00DAB6EB /* PopupView.swift */ = {isa = PBXFileReference; lastKnownFileType = sourcecode.swift; path = PopupView.swift; sourceTree = "<group>"; };
		8C711BF0270B2AA600DAB6EB /* PopupViewController.swift */ = {isa = PBXFileReference; lastKnownFileType = sourcecode.swift; path = PopupViewController.swift; sourceTree = "<group>"; };
		8C711BF3270B41AB00DAB6EB /* PopupInteractor.swift */ = {isa = PBXFileReference; lastKnownFileType = sourcecode.swift; path = PopupInteractor.swift; sourceTree = "<group>"; };
		8C711BF5270B41BD00DAB6EB /* PopupPresenter.swift */ = {isa = PBXFileReference; lastKnownFileType = sourcecode.swift; path = PopupPresenter.swift; sourceTree = "<group>"; };
		8C711BF7270B41C800DAB6EB /* PopupRouter.swift */ = {isa = PBXFileReference; lastKnownFileType = sourcecode.swift; path = PopupRouter.swift; sourceTree = "<group>"; };
		8C711BF9270B41D500DAB6EB /* PopupModels.swift */ = {isa = PBXFileReference; lastKnownFileType = sourcecode.swift; path = PopupModels.swift; sourceTree = "<group>"; };
		8C711BFB270B4B0F00DAB6EB /* Orders.swift */ = {isa = PBXFileReference; lastKnownFileType = sourcecode.swift; path = Orders.swift; sourceTree = "<group>"; };
		8CA67D912703913F00D7C684 /* SceneDelegate.swift */ = {isa = PBXFileReference; fileEncoding = 4; lastKnownFileType = sourcecode.swift; path = SceneDelegate.swift; sourceTree = "<group>"; };
		8CBA62D126FC8D6C00EFD030 /* Personal.app */ = {isa = PBXFileReference; explicitFileType = wrapper.application; includeInIndex = 0; path = Personal.app; sourceTree = BUILT_PRODUCTS_DIR; };
		8CBA62D426FC8D6C00EFD030 /* AppDelegate.swift */ = {isa = PBXFileReference; lastKnownFileType = sourcecode.swift; path = AppDelegate.swift; sourceTree = "<group>"; };
		8CBA62D826FC8D6C00EFD030 /* HomeViewController.swift */ = {isa = PBXFileReference; lastKnownFileType = sourcecode.swift; path = HomeViewController.swift; sourceTree = "<group>"; };
		8CBA62DB26FC8D6C00EFD030 /* Base */ = {isa = PBXFileReference; lastKnownFileType = file.storyboard; name = Base; path = Base.lproj/Main.storyboard; sourceTree = "<group>"; };
		8CBA62DD26FC8D6D00EFD030 /* Assets.xcassets */ = {isa = PBXFileReference; lastKnownFileType = folder.assetcatalog; path = Assets.xcassets; sourceTree = "<group>"; };
		8CBA62E026FC8D6D00EFD030 /* Base */ = {isa = PBXFileReference; lastKnownFileType = file.storyboard; name = Base; path = Base.lproj/LaunchScreen.storyboard; sourceTree = "<group>"; };
		8CBA62E226FC8D6D00EFD030 /* Info.plist */ = {isa = PBXFileReference; lastKnownFileType = text.plist.xml; path = Info.plist; sourceTree = "<group>"; };
		8CBA62E726FC8D6D00EFD030 /* PersonalTests.xctest */ = {isa = PBXFileReference; explicitFileType = wrapper.cfbundle; includeInIndex = 0; path = PersonalTests.xctest; sourceTree = BUILT_PRODUCTS_DIR; };
		8CBA62EB26FC8D6D00EFD030 /* PersonalTests.swift */ = {isa = PBXFileReference; lastKnownFileType = sourcecode.swift; path = PersonalTests.swift; sourceTree = "<group>"; };
		8CBA62ED26FC8D6D00EFD030 /* Info.plist */ = {isa = PBXFileReference; lastKnownFileType = text.plist.xml; path = Info.plist; sourceTree = "<group>"; };
		8CBA62F226FC8D6D00EFD030 /* PersonalUITests.xctest */ = {isa = PBXFileReference; explicitFileType = wrapper.cfbundle; includeInIndex = 0; path = PersonalUITests.xctest; sourceTree = BUILT_PRODUCTS_DIR; };
		8CBA62F626FC8D6D00EFD030 /* PersonalUITests.swift */ = {isa = PBXFileReference; lastKnownFileType = sourcecode.swift; path = PersonalUITests.swift; sourceTree = "<group>"; };
		8CBA62F826FC8D6D00EFD030 /* Info.plist */ = {isa = PBXFileReference; lastKnownFileType = text.plist.xml; path = Info.plist; sourceTree = "<group>"; };
		8CD96B2B2701BBA8000E978C /* Logger.swift */ = {isa = PBXFileReference; lastKnownFileType = sourcecode.swift; path = Logger.swift; sourceTree = "<group>"; };
		8CD96B312701CD35000E978C /* NavigationViewController.swift */ = {isa = PBXFileReference; lastKnownFileType = sourcecode.swift; path = NavigationViewController.swift; sourceTree = "<group>"; };
		8CE65508270E2098002A838C /* LabelExtension.swift */ = {isa = PBXFileReference; lastKnownFileType = sourcecode.swift; path = LabelExtension.swift; sourceTree = "<group>"; };
		8CE6550A270E20E3002A838C /* ColorExtension.swift */ = {isa = PBXFileReference; lastKnownFileType = sourcecode.swift; path = ColorExtension.swift; sourceTree = "<group>"; };
		8CE6550C270E2126002A838C /* FontExtension.swift */ = {isa = PBXFileReference; lastKnownFileType = sourcecode.swift; path = FontExtension.swift; sourceTree = "<group>"; };
		8CE6550E270E2693002A838C /* StringExtension.swift */ = {isa = PBXFileReference; lastKnownFileType = sourcecode.swift; path = StringExtension.swift; sourceTree = "<group>"; };
		9A419BC1FEECE110E948B92F /* Pods_PersonalTests.framework */ = {isa = PBXFileReference; explicitFileType = wrapper.framework; includeInIndex = 0; path = Pods_PersonalTests.framework; sourceTree = BUILT_PRODUCTS_DIR; };
		AFC9514113CDE319F57F4CEB /* Pods-Personal-PersonalUITests.release.xcconfig */ = {isa = PBXFileReference; includeInIndex = 1; lastKnownFileType = text.xcconfig; name = "Pods-Personal-PersonalUITests.release.xcconfig"; path = "Target Support Files/Pods-Personal-PersonalUITests/Pods-Personal-PersonalUITests.release.xcconfig"; sourceTree = "<group>"; };
		D8D9362BE4D8BDE74B874CC5 /* Pods-Personal.debug.xcconfig */ = {isa = PBXFileReference; includeInIndex = 1; lastKnownFileType = text.xcconfig; name = "Pods-Personal.debug.xcconfig"; path = "Target Support Files/Pods-Personal/Pods-Personal.debug.xcconfig"; sourceTree = "<group>"; };
		DB630CAEA038775CCB5D6A68 /* Pods-PersonalTests.release.xcconfig */ = {isa = PBXFileReference; includeInIndex = 1; lastKnownFileType = text.xcconfig; name = "Pods-PersonalTests.release.xcconfig"; path = "Target Support Files/Pods-PersonalTests/Pods-PersonalTests.release.xcconfig"; sourceTree = "<group>"; };
		F41E71E1F13DBF54664DB6DD /* Pods_Personal.framework */ = {isa = PBXFileReference; explicitFileType = wrapper.framework; includeInIndex = 0; path = Pods_Personal.framework; sourceTree = BUILT_PRODUCTS_DIR; };
		F4DA7BFC2AED88A8A06BD4EA /* Pods-Personal.release.xcconfig */ = {isa = PBXFileReference; includeInIndex = 1; lastKnownFileType = text.xcconfig; name = "Pods-Personal.release.xcconfig"; path = "Target Support Files/Pods-Personal/Pods-Personal.release.xcconfig"; sourceTree = "<group>"; };
/* End PBXFileReference section */

/* Begin PBXFrameworksBuildPhase section */
		8CBA62CE26FC8D6C00EFD030 /* Frameworks */ = {
			isa = PBXFrameworksBuildPhase;
			buildActionMask = 2147483647;
			files = (
				B654A05F459E69509A70A6C3 /* Pods_Personal.framework in Frameworks */,
			);
			runOnlyForDeploymentPostprocessing = 0;
		};
		8CBA62E426FC8D6D00EFD030 /* Frameworks */ = {
			isa = PBXFrameworksBuildPhase;
			buildActionMask = 2147483647;
			files = (
				F8DF150B16282690BB9B5F45 /* Pods_PersonalTests.framework in Frameworks */,
			);
			runOnlyForDeploymentPostprocessing = 0;
		};
		8CBA62EF26FC8D6D00EFD030 /* Frameworks */ = {
			isa = PBXFrameworksBuildPhase;
			buildActionMask = 2147483647;
			files = (
				6B6D997CA0BF6E6E30F5C72C /* Pods_Personal_PersonalUITests.framework in Frameworks */,
			);
			runOnlyForDeploymentPostprocessing = 0;
		};
/* End PBXFrameworksBuildPhase section */

/* Begin PBXGroup section */
		8C4CC9692704025000D4E4EB /* Views */ = {
			isa = PBXGroup;
			children = (
				8C711BEE270B226A00DAB6EB /* PopupView.swift */,
			);
			path = Views;
			sourceTree = "<group>";
		};
		8C4CC97027040FBD00D4E4EB /* Models */ = {
			isa = PBXGroup;
			children = (
				8C711BFB270B4B0F00DAB6EB /* Orders.swift */,
			);
			path = Models;
			sourceTree = "<group>";
		};
		8C4CC97527042F7B00D4E4EB /* Extensions */ = {
			isa = PBXGroup;
			children = (
				8C4CC97627042F9B00D4E4EB /* ImageViewExtension.swift */,
				8C4CC97C270602FE00D4E4EB /* ScrollViewExtension.swift */,
				8C228D922708C3ED006EA9FA /* VIewExtension.swift */,
				8CE65508270E2098002A838C /* LabelExtension.swift */,
				8CE6550A270E20E3002A838C /* ColorExtension.swift */,
				8CE6550C270E2126002A838C /* FontExtension.swift */,
				8CE6550E270E2693002A838C /* StringExtension.swift */,
			);
			path = Extensions;
			sourceTree = "<group>";
		};
		8C6E79092700BD91002A01C2 /* Scenes */ = {
			isa = PBXGroup;
			children = (
				8C711BEC270B0CB600DAB6EB /* MyTestViewController.swift */,
				8C6E79152700C228002A01C2 /* BaseViewController.swift */,
				8CD96B312701CD35000E978C /* NavigationViewController.swift */,
				8C6E79202700DFCA002A01C2 /* Intro */,
				8C6E790C2700C115002A01C2 /* Home */,
				8C6E79172700C4FE002A01C2 /* Sub */,
				8C711BF2270B417A00DAB6EB /* Popup */,
				8C4CC9692704025000D4E4EB /* Views */,
			);
			path = Scenes;
			sourceTree = "<group>";
		};
		8C6E790C2700C115002A01C2 /* Home */ = {
			isa = PBXGroup;
			children = (
				8CBA62D826FC8D6C00EFD030 /* HomeViewController.swift */,
				8C6E790D2700C13C002A01C2 /* HomeInteractor.swift */,
				8C6E79112700C162002A01C2 /* HomePresenter.swift */,
				8C6E79132700C179002A01C2 /* HomeRouter.swift */,
				8C6E790A2700BFD1002A01C2 /* HomeTableViewCell.swift */,
				8C4CC97127040FDB00D4E4EB /* HomeModels.swift */,
			);
			path = Home;
			sourceTree = "<group>";
		};
		8C6E79172700C4FE002A01C2 /* Sub */ = {
			isa = PBXGroup;
			children = (
				8C6E79182700C513002A01C2 /* SubViewController.swift */,
				8C6E791A2700C636002A01C2 /* SubInteractor.swift */,
				8C6E791C2700C640002A01C2 /* SubPresenter.swift */,
				8C6E791E2700C64F002A01C2 /* SubRouter.swift */,
				8C4CC96E27040F4800D4E4EB /* SubModels.swift */,
			);
			path = Sub;
			sourceTree = "<group>";
		};
		8C6E79202700DFCA002A01C2 /* Intro */ = {
			isa = PBXGroup;
			children = (
				8C6E79212700DFE7002A01C2 /* IntroViewController.swift */,
				8C6E79232700E02D002A01C2 /* IntroInteractor.swift */,
				8C6E79252700E03B002A01C2 /* IntroPresenter.swift */,
				8C6E79272700E048002A01C2 /* IntroRouter.swift */,
			);
			path = Intro;
			sourceTree = "<group>";
		};
		8C711BF2270B417A00DAB6EB /* Popup */ = {
			isa = PBXGroup;
			children = (
				8C711BF0270B2AA600DAB6EB /* PopupViewController.swift */,
				8C711BF3270B41AB00DAB6EB /* PopupInteractor.swift */,
				8C711BF5270B41BD00DAB6EB /* PopupPresenter.swift */,
				8C711BF7270B41C800DAB6EB /* PopupRouter.swift */,
				8C711BF9270B41D500DAB6EB /* PopupModels.swift */,
			);
			path = Popup;
			sourceTree = "<group>";
		};
		8CBA62C826FC8D6C00EFD030 = {
			isa = PBXGroup;
			children = (
				8CBA62D326FC8D6C00EFD030 /* Personal */,
				8CBA62EA26FC8D6D00EFD030 /* PersonalTests */,
				8CBA62F526FC8D6D00EFD030 /* PersonalUITests */,
				8CBA62D226FC8D6C00EFD030 /* Products */,
				A0EF7D59211413E56E1E5C44 /* Pods */,
				D60DB50398496D65815DA4BA /* Frameworks */,
			);
			sourceTree = "<group>";
		};
		8CBA62D226FC8D6C00EFD030 /* Products */ = {
			isa = PBXGroup;
			children = (
				8CBA62D126FC8D6C00EFD030 /* Personal.app */,
				8CBA62E726FC8D6D00EFD030 /* PersonalTests.xctest */,
				8CBA62F226FC8D6D00EFD030 /* PersonalUITests.xctest */,
			);
			name = Products;
			sourceTree = "<group>";
		};
		8CBA62D326FC8D6C00EFD030 /* Personal */ = {
			isa = PBXGroup;
			children = (
				8CA67D912703913F00D7C684 /* SceneDelegate.swift */,
				8CBA62D426FC8D6C00EFD030 /* AppDelegate.swift */,
				8CBA62DF26FC8D6D00EFD030 /* LaunchScreen.storyboard */,
				8CBA62DA26FC8D6C00EFD030 /* Main.storyboard */,
				8CBA62DD26FC8D6D00EFD030 /* Assets.xcassets */,
				8CBA62E226FC8D6D00EFD030 /* Info.plist */,
				8C4CC97027040FBD00D4E4EB /* Models */,
				8C6E79092700BD91002A01C2 /* Scenes */,
				8CD96B2A2701BB8F000E978C /* Utils */,
				8C4CC97527042F7B00D4E4EB /* Extensions */,
				8C711BEA270AFC9F00DAB6EB /* AppConfig.swift */,
			);
			path = Personal;
			sourceTree = "<group>";
		};
		8CBA62EA26FC8D6D00EFD030 /* PersonalTests */ = {
			isa = PBXGroup;
			children = (
				8CBA62EB26FC8D6D00EFD030 /* PersonalTests.swift */,
				8CBA62ED26FC8D6D00EFD030 /* Info.plist */,
			);
			path = PersonalTests;
			sourceTree = "<group>";
		};
		8CBA62F526FC8D6D00EFD030 /* PersonalUITests */ = {
			isa = PBXGroup;
			children = (
				8CBA62F626FC8D6D00EFD030 /* PersonalUITests.swift */,
				8CBA62F826FC8D6D00EFD030 /* Info.plist */,
			);
			path = PersonalUITests;
			sourceTree = "<group>";
		};
		8CD96B2A2701BB8F000E978C /* Utils */ = {
			isa = PBXGroup;
			children = (
				8CD96B2B2701BBA8000E978C /* Logger.swift */,
				8C4CC9782705547800D4E4EB /* SkeletonDisplayable.swift */,
			);
			path = Utils;
			sourceTree = "<group>";
		};
		A0EF7D59211413E56E1E5C44 /* Pods */ = {
			isa = PBXGroup;
			children = (
				D8D9362BE4D8BDE74B874CC5 /* Pods-Personal.debug.xcconfig */,
				F4DA7BFC2AED88A8A06BD4EA /* Pods-Personal.release.xcconfig */,
				6F66D734FA3BDAA0639F01F5 /* Pods-Personal-PersonalUITests.debug.xcconfig */,
				AFC9514113CDE319F57F4CEB /* Pods-Personal-PersonalUITests.release.xcconfig */,
				7DE3BF82D1C1D6E2F0C73570 /* Pods-PersonalTests.debug.xcconfig */,
				DB630CAEA038775CCB5D6A68 /* Pods-PersonalTests.release.xcconfig */,
			);
			path = Pods;
			sourceTree = "<group>";
		};
		D60DB50398496D65815DA4BA /* Frameworks */ = {
			isa = PBXGroup;
			children = (
				F41E71E1F13DBF54664DB6DD /* Pods_Personal.framework */,
				19F22F6EDD8DD3879E8DC27B /* Pods_Personal_PersonalUITests.framework */,
				9A419BC1FEECE110E948B92F /* Pods_PersonalTests.framework */,
			);
			name = Frameworks;
			sourceTree = "<group>";
		};
/* End PBXGroup section */

/* Begin PBXNativeTarget section */
		8CBA62D026FC8D6C00EFD030 /* Personal */ = {
			isa = PBXNativeTarget;
			buildConfigurationList = 8CBA62FB26FC8D6D00EFD030 /* Build configuration list for PBXNativeTarget "Personal" */;
			buildPhases = (
				B80E293B9C3B1DABF2F7701A /* [CP] Check Pods Manifest.lock */,
				8CBA62CD26FC8D6C00EFD030 /* Sources */,
				8CBA62CE26FC8D6C00EFD030 /* Frameworks */,
				8CBA62CF26FC8D6C00EFD030 /* Resources */,
				527528078B4BE616C80903A5 /* [CP] Embed Pods Frameworks */,
			);
			buildRules = (
			);
			dependencies = (
			);
			name = Personal;
			productName = Personal;
			productReference = 8CBA62D126FC8D6C00EFD030 /* Personal.app */;
			productType = "com.apple.product-type.application";
		};
		8CBA62E626FC8D6D00EFD030 /* PersonalTests */ = {
			isa = PBXNativeTarget;
			buildConfigurationList = 8CBA62FE26FC8D6D00EFD030 /* Build configuration list for PBXNativeTarget "PersonalTests" */;
			buildPhases = (
				8A5BC147AF5CFF50486F56B1 /* [CP] Check Pods Manifest.lock */,
				8CBA62E326FC8D6D00EFD030 /* Sources */,
				8CBA62E426FC8D6D00EFD030 /* Frameworks */,
				8CBA62E526FC8D6D00EFD030 /* Resources */,
			);
			buildRules = (
			);
			dependencies = (
				8CBA62E926FC8D6D00EFD030 /* PBXTargetDependency */,
			);
			name = PersonalTests;
			productName = PersonalTests;
			productReference = 8CBA62E726FC8D6D00EFD030 /* PersonalTests.xctest */;
			productType = "com.apple.product-type.bundle.unit-test";
		};
		8CBA62F126FC8D6D00EFD030 /* PersonalUITests */ = {
			isa = PBXNativeTarget;
			buildConfigurationList = 8CBA630126FC8D6D00EFD030 /* Build configuration list for PBXNativeTarget "PersonalUITests" */;
			buildPhases = (
				3C568C2876E2D36CC8B6B403 /* [CP] Check Pods Manifest.lock */,
				8CBA62EE26FC8D6D00EFD030 /* Sources */,
				8CBA62EF26FC8D6D00EFD030 /* Frameworks */,
				8CBA62F026FC8D6D00EFD030 /* Resources */,
				CF0216D2C5B5403AFD0D1B7A /* [CP] Embed Pods Frameworks */,
			);
			buildRules = (
			);
			dependencies = (
				8CBA62F426FC8D6D00EFD030 /* PBXTargetDependency */,
			);
			name = PersonalUITests;
			productName = PersonalUITests;
			productReference = 8CBA62F226FC8D6D00EFD030 /* PersonalUITests.xctest */;
			productType = "com.apple.product-type.bundle.ui-testing";
		};
/* End PBXNativeTarget section */

/* Begin PBXProject section */
		8CBA62C926FC8D6C00EFD030 /* Project object */ = {
			isa = PBXProject;
			attributes = {
				LastSwiftUpdateCheck = 1250;
				LastUpgradeCheck = 1250;
				TargetAttributes = {
					8CBA62D026FC8D6C00EFD030 = {
						CreatedOnToolsVersion = 12.5.1;
					};
					8CBA62E626FC8D6D00EFD030 = {
						CreatedOnToolsVersion = 12.5.1;
						TestTargetID = 8CBA62D026FC8D6C00EFD030;
					};
					8CBA62F126FC8D6D00EFD030 = {
						CreatedOnToolsVersion = 12.5.1;
						TestTargetID = 8CBA62D026FC8D6C00EFD030;
					};
				};
			};
			buildConfigurationList = 8CBA62CC26FC8D6C00EFD030 /* Build configuration list for PBXProject "Personal" */;
			compatibilityVersion = "Xcode 9.3";
			developmentRegion = en;
			hasScannedForEncodings = 0;
			knownRegions = (
				en,
				Base,
			);
			mainGroup = 8CBA62C826FC8D6C00EFD030;
			productRefGroup = 8CBA62D226FC8D6C00EFD030 /* Products */;
			projectDirPath = "";
			projectRoot = "";
			targets = (
				8CBA62D026FC8D6C00EFD030 /* Personal */,
				8CBA62E626FC8D6D00EFD030 /* PersonalTests */,
				8CBA62F126FC8D6D00EFD030 /* PersonalUITests */,
			);
		};
/* End PBXProject section */

/* Begin PBXResourcesBuildPhase section */
		8CBA62CF26FC8D6C00EFD030 /* Resources */ = {
			isa = PBXResourcesBuildPhase;
			buildActionMask = 2147483647;
			files = (
				8CBA62E126FC8D6D00EFD030 /* LaunchScreen.storyboard in Resources */,
				8CBA62DE26FC8D6D00EFD030 /* Assets.xcassets in Resources */,
				8CBA62DC26FC8D6C00EFD030 /* Main.storyboard in Resources */,
			);
			runOnlyForDeploymentPostprocessing = 0;
		};
		8CBA62E526FC8D6D00EFD030 /* Resources */ = {
			isa = PBXResourcesBuildPhase;
			buildActionMask = 2147483647;
			files = (
			);
			runOnlyForDeploymentPostprocessing = 0;
		};
		8CBA62F026FC8D6D00EFD030 /* Resources */ = {
			isa = PBXResourcesBuildPhase;
			buildActionMask = 2147483647;
			files = (
			);
			runOnlyForDeploymentPostprocessing = 0;
		};
/* End PBXResourcesBuildPhase section */

/* Begin PBXShellScriptBuildPhase section */
		3C568C2876E2D36CC8B6B403 /* [CP] Check Pods Manifest.lock */ = {
			isa = PBXShellScriptBuildPhase;
			buildActionMask = 2147483647;
			files = (
			);
			inputFileListPaths = (
			);
			inputPaths = (
				"${PODS_PODFILE_DIR_PATH}/Podfile.lock",
				"${PODS_ROOT}/Manifest.lock",
			);
			name = "[CP] Check Pods Manifest.lock";
			outputFileListPaths = (
			);
			outputPaths = (
				"$(DERIVED_FILE_DIR)/Pods-Personal-PersonalUITests-checkManifestLockResult.txt",
			);
			runOnlyForDeploymentPostprocessing = 0;
			shellPath = /bin/sh;
			shellScript = "diff \"${PODS_PODFILE_DIR_PATH}/Podfile.lock\" \"${PODS_ROOT}/Manifest.lock\" > /dev/null\nif [ $? != 0 ] ; then\n    # print error to STDERR\n    echo \"error: The sandbox is not in sync with the Podfile.lock. Run 'pod install' or update your CocoaPods installation.\" >&2\n    exit 1\nfi\n# This output is used by Xcode 'outputs' to avoid re-running this script phase.\necho \"SUCCESS\" > \"${SCRIPT_OUTPUT_FILE_0}\"\n";
			showEnvVarsInLog = 0;
		};
		527528078B4BE616C80903A5 /* [CP] Embed Pods Frameworks */ = {
			isa = PBXShellScriptBuildPhase;
			buildActionMask = 2147483647;
			files = (
			);
			inputFileListPaths = (
				"${PODS_ROOT}/Target Support Files/Pods-Personal/Pods-Personal-frameworks-${CONFIGURATION}-input-files.xcfilelist",
			);
			name = "[CP] Embed Pods Frameworks";
			outputFileListPaths = (
				"${PODS_ROOT}/Target Support Files/Pods-Personal/Pods-Personal-frameworks-${CONFIGURATION}-output-files.xcfilelist",
			);
			runOnlyForDeploymentPostprocessing = 0;
			shellPath = /bin/sh;
			shellScript = "\"${PODS_ROOT}/Target Support Files/Pods-Personal/Pods-Personal-frameworks.sh\"\n";
			showEnvVarsInLog = 0;
		};
		8A5BC147AF5CFF50486F56B1 /* [CP] Check Pods Manifest.lock */ = {
			isa = PBXShellScriptBuildPhase;
			buildActionMask = 2147483647;
			files = (
			);
			inputFileListPaths = (
			);
			inputPaths = (
				"${PODS_PODFILE_DIR_PATH}/Podfile.lock",
				"${PODS_ROOT}/Manifest.lock",
			);
			name = "[CP] Check Pods Manifest.lock";
			outputFileListPaths = (
			);
			outputPaths = (
				"$(DERIVED_FILE_DIR)/Pods-PersonalTests-checkManifestLockResult.txt",
			);
			runOnlyForDeploymentPostprocessing = 0;
			shellPath = /bin/sh;
			shellScript = "diff \"${PODS_PODFILE_DIR_PATH}/Podfile.lock\" \"${PODS_ROOT}/Manifest.lock\" > /dev/null\nif [ $? != 0 ] ; then\n    # print error to STDERR\n    echo \"error: The sandbox is not in sync with the Podfile.lock. Run 'pod install' or update your CocoaPods installation.\" >&2\n    exit 1\nfi\n# This output is used by Xcode 'outputs' to avoid re-running this script phase.\necho \"SUCCESS\" > \"${SCRIPT_OUTPUT_FILE_0}\"\n";
			showEnvVarsInLog = 0;
		};
		B80E293B9C3B1DABF2F7701A /* [CP] Check Pods Manifest.lock */ = {
			isa = PBXShellScriptBuildPhase;
			buildActionMask = 2147483647;
			files = (
			);
			inputFileListPaths = (
			);
			inputPaths = (
				"${PODS_PODFILE_DIR_PATH}/Podfile.lock",
				"${PODS_ROOT}/Manifest.lock",
			);
			name = "[CP] Check Pods Manifest.lock";
			outputFileListPaths = (
			);
			outputPaths = (
				"$(DERIVED_FILE_DIR)/Pods-Personal-checkManifestLockResult.txt",
			);
			runOnlyForDeploymentPostprocessing = 0;
			shellPath = /bin/sh;
			shellScript = "diff \"${PODS_PODFILE_DIR_PATH}/Podfile.lock\" \"${PODS_ROOT}/Manifest.lock\" > /dev/null\nif [ $? != 0 ] ; then\n    # print error to STDERR\n    echo \"error: The sandbox is not in sync with the Podfile.lock. Run 'pod install' or update your CocoaPods installation.\" >&2\n    exit 1\nfi\n# This output is used by Xcode 'outputs' to avoid re-running this script phase.\necho \"SUCCESS\" > \"${SCRIPT_OUTPUT_FILE_0}\"\n";
			showEnvVarsInLog = 0;
		};
		CF0216D2C5B5403AFD0D1B7A /* [CP] Embed Pods Frameworks */ = {
			isa = PBXShellScriptBuildPhase;
			buildActionMask = 2147483647;
			files = (
			);
			inputFileListPaths = (
				"${PODS_ROOT}/Target Support Files/Pods-Personal-PersonalUITests/Pods-Personal-PersonalUITests-frameworks-${CONFIGURATION}-input-files.xcfilelist",
			);
			name = "[CP] Embed Pods Frameworks";
			outputFileListPaths = (
				"${PODS_ROOT}/Target Support Files/Pods-Personal-PersonalUITests/Pods-Personal-PersonalUITests-frameworks-${CONFIGURATION}-output-files.xcfilelist",
			);
			runOnlyForDeploymentPostprocessing = 0;
			shellPath = /bin/sh;
			shellScript = "\"${PODS_ROOT}/Target Support Files/Pods-Personal-PersonalUITests/Pods-Personal-PersonalUITests-frameworks.sh\"\n";
			showEnvVarsInLog = 0;
		};
/* End PBXShellScriptBuildPhase section */

/* Begin PBXSourcesBuildPhase section */
		8CBA62CD26FC8D6C00EFD030 /* Sources */ = {
			isa = PBXSourcesBuildPhase;
			buildActionMask = 2147483647;
			files = (
				8C711BF6270B41BD00DAB6EB /* PopupPresenter.swift in Sources */,
				8C711BF8270B41C800DAB6EB /* PopupRouter.swift in Sources */,
				8CBA62D926FC8D6C00EFD030 /* HomeViewController.swift in Sources */,
				8C6E79222700DFE7002A01C2 /* IntroViewController.swift in Sources */,
				8C711BED270B0CB600DAB6EB /* MyTestViewController.swift in Sources */,
				8C6E791B2700C636002A01C2 /* SubInteractor.swift in Sources */,
				8CBA62D526FC8D6C00EFD030 /* AppDelegate.swift in Sources */,
				8C711BFA270B41D500DAB6EB /* PopupModels.swift in Sources */,
				8C6E79142700C179002A01C2 /* HomeRouter.swift in Sources */,
				8CE6550D270E2126002A838C /* FontExtension.swift in Sources */,
				8CE6550B270E20E3002A838C /* ColorExtension.swift in Sources */,
				8C6E790B2700BFD1002A01C2 /* HomeTableViewCell.swift in Sources */,
				8C6E791F2700C64F002A01C2 /* SubRouter.swift in Sources */,
				8C228D932708C3ED006EA9FA /* VIewExtension.swift in Sources */,
				8C4CC97727042F9B00D4E4EB /* ImageViewExtension.swift in Sources */,
				8C6E79122700C162002A01C2 /* HomePresenter.swift in Sources */,
				8C4CC9792705547800D4E4EB /* SkeletonDisplayable.swift in Sources */,
				8CD96B2C2701BBA8000E978C /* Logger.swift in Sources */,
				8C6E79162700C228002A01C2 /* BaseViewController.swift in Sources */,
				8C6E79282700E049002A01C2 /* IntroRouter.swift in Sources */,
				8CA67D922703913F00D7C684 /* SceneDelegate.swift in Sources */,
				8C4CC97227040FDB00D4E4EB /* HomeModels.swift in Sources */,
				8CE65509270E2098002A838C /* LabelExtension.swift in Sources */,
				8C6E79262700E03B002A01C2 /* IntroPresenter.swift in Sources */,
				8CD96B322701CD35000E978C /* NavigationViewController.swift in Sources */,
				8C6E791D2700C640002A01C2 /* SubPresenter.swift in Sources */,
				8C711BFC270B4B0F00DAB6EB /* Orders.swift in Sources */,
				8C711BEF270B226A00DAB6EB /* PopupView.swift in Sources */,
				8C4CC97D270602FE00D4E4EB /* ScrollViewExtension.swift in Sources */,
				8C4CC96F27040F4800D4E4EB /* SubModels.swift in Sources */,
				8C6E79192700C513002A01C2 /* SubViewController.swift in Sources */,
				8C711BEB270AFC9F00DAB6EB /* AppConfig.swift in Sources */,
				8C711BF1270B2AA600DAB6EB /* PopupViewController.swift in Sources */,
				8CE6550F270E2693002A838C /* StringExtension.swift in Sources */,
				8C6E790E2700C13C002A01C2 /* HomeInteractor.swift in Sources */,
				8C6E79242700E02D002A01C2 /* IntroInteractor.swift in Sources */,
				8C711BF4270B41AB00DAB6EB /* PopupInteractor.swift in Sources */,
			);
			runOnlyForDeploymentPostprocessing = 0;
		};
		8CBA62E326FC8D6D00EFD030 /* Sources */ = {
			isa = PBXSourcesBuildPhase;
			buildActionMask = 2147483647;
			files = (
				8CBA62EC26FC8D6D00EFD030 /* PersonalTests.swift in Sources */,
			);
			runOnlyForDeploymentPostprocessing = 0;
		};
		8CBA62EE26FC8D6D00EFD030 /* Sources */ = {
			isa = PBXSourcesBuildPhase;
			buildActionMask = 2147483647;
			files = (
				8CBA62F726FC8D6D00EFD030 /* PersonalUITests.swift in Sources */,
			);
			runOnlyForDeploymentPostprocessing = 0;
		};
/* End PBXSourcesBuildPhase section */

/* Begin PBXTargetDependency section */
		8CBA62E926FC8D6D00EFD030 /* PBXTargetDependency */ = {
			isa = PBXTargetDependency;
			target = 8CBA62D026FC8D6C00EFD030 /* Personal */;
			targetProxy = 8CBA62E826FC8D6D00EFD030 /* PBXContainerItemProxy */;
		};
		8CBA62F426FC8D6D00EFD030 /* PBXTargetDependency */ = {
			isa = PBXTargetDependency;
			target = 8CBA62D026FC8D6C00EFD030 /* Personal */;
			targetProxy = 8CBA62F326FC8D6D00EFD030 /* PBXContainerItemProxy */;
		};
/* End PBXTargetDependency section */

/* Begin PBXVariantGroup section */
		8CBA62DA26FC8D6C00EFD030 /* Main.storyboard */ = {
			isa = PBXVariantGroup;
			children = (
				8CBA62DB26FC8D6C00EFD030 /* Base */,
			);
			name = Main.storyboard;
			sourceTree = "<group>";
		};
		8CBA62DF26FC8D6D00EFD030 /* LaunchScreen.storyboard */ = {
			isa = PBXVariantGroup;
			children = (
				8CBA62E026FC8D6D00EFD030 /* Base */,
			);
			name = LaunchScreen.storyboard;
			sourceTree = "<group>";
		};
/* End PBXVariantGroup section */

/* Begin XCBuildConfiguration section */
		8CBA62F926FC8D6D00EFD030 /* Debug */ = {
			isa = XCBuildConfiguration;
			buildSettings = {
				ALWAYS_SEARCH_USER_PATHS = NO;
				CLANG_ANALYZER_NONNULL = YES;
				CLANG_ANALYZER_NUMBER_OBJECT_CONVERSION = YES_AGGRESSIVE;
				CLANG_CXX_LANGUAGE_STANDARD = "gnu++14";
				CLANG_CXX_LIBRARY = "libc++";
				CLANG_ENABLE_MODULES = YES;
				CLANG_ENABLE_OBJC_ARC = YES;
				CLANG_ENABLE_OBJC_WEAK = YES;
				CLANG_WARN_BLOCK_CAPTURE_AUTORELEASING = YES;
				CLANG_WARN_BOOL_CONVERSION = YES;
				CLANG_WARN_COMMA = YES;
				CLANG_WARN_CONSTANT_CONVERSION = YES;
				CLANG_WARN_DEPRECATED_OBJC_IMPLEMENTATIONS = YES;
				CLANG_WARN_DIRECT_OBJC_ISA_USAGE = YES_ERROR;
				CLANG_WARN_DOCUMENTATION_COMMENTS = YES;
				CLANG_WARN_EMPTY_BODY = YES;
				CLANG_WARN_ENUM_CONVERSION = YES;
				CLANG_WARN_INFINITE_RECURSION = YES;
				CLANG_WARN_INT_CONVERSION = YES;
				CLANG_WARN_NON_LITERAL_NULL_CONVERSION = YES;
				CLANG_WARN_OBJC_IMPLICIT_RETAIN_SELF = YES;
				CLANG_WARN_OBJC_LITERAL_CONVERSION = YES;
				CLANG_WARN_OBJC_ROOT_CLASS = YES_ERROR;
				CLANG_WARN_QUOTED_INCLUDE_IN_FRAMEWORK_HEADER = YES;
				CLANG_WARN_RANGE_LOOP_ANALYSIS = YES;
				CLANG_WARN_STRICT_PROTOTYPES = YES;
				CLANG_WARN_SUSPICIOUS_MOVE = YES;
				CLANG_WARN_UNGUARDED_AVAILABILITY = YES_AGGRESSIVE;
				CLANG_WARN_UNREACHABLE_CODE = YES;
				CLANG_WARN__DUPLICATE_METHOD_MATCH = YES;
				COPY_PHASE_STRIP = NO;
				DEBUG_INFORMATION_FORMAT = dwarf;
				ENABLE_STRICT_OBJC_MSGSEND = YES;
				ENABLE_TESTABILITY = YES;
				GCC_C_LANGUAGE_STANDARD = gnu11;
				GCC_DYNAMIC_NO_PIC = NO;
				GCC_NO_COMMON_BLOCKS = YES;
				GCC_OPTIMIZATION_LEVEL = 0;
				GCC_PREPROCESSOR_DEFINITIONS = (
					"DEBUG=1",
					"$(inherited)",
				);
				GCC_WARN_64_TO_32_BIT_CONVERSION = YES;
				GCC_WARN_ABOUT_RETURN_TYPE = YES_ERROR;
				GCC_WARN_UNDECLARED_SELECTOR = YES;
				GCC_WARN_UNINITIALIZED_AUTOS = YES_AGGRESSIVE;
				GCC_WARN_UNUSED_FUNCTION = YES;
				GCC_WARN_UNUSED_VARIABLE = YES;
				IPHONEOS_DEPLOYMENT_TARGET = 13.0;
				MTL_ENABLE_DEBUG_INFO = INCLUDE_SOURCE;
				MTL_FAST_MATH = YES;
				ONLY_ACTIVE_ARCH = YES;
				SDKROOT = iphoneos;
				SWIFT_ACTIVE_COMPILATION_CONDITIONS = DEBUG;
				SWIFT_OPTIMIZATION_LEVEL = "-Onone";
			};
			name = Debug;
		};
		8CBA62FA26FC8D6D00EFD030 /* Release */ = {
			isa = XCBuildConfiguration;
			buildSettings = {
				ALWAYS_SEARCH_USER_PATHS = NO;
				CLANG_ANALYZER_NONNULL = YES;
				CLANG_ANALYZER_NUMBER_OBJECT_CONVERSION = YES_AGGRESSIVE;
				CLANG_CXX_LANGUAGE_STANDARD = "gnu++14";
				CLANG_CXX_LIBRARY = "libc++";
				CLANG_ENABLE_MODULES = YES;
				CLANG_ENABLE_OBJC_ARC = YES;
				CLANG_ENABLE_OBJC_WEAK = YES;
				CLANG_WARN_BLOCK_CAPTURE_AUTORELEASING = YES;
				CLANG_WARN_BOOL_CONVERSION = YES;
				CLANG_WARN_COMMA = YES;
				CLANG_WARN_CONSTANT_CONVERSION = YES;
				CLANG_WARN_DEPRECATED_OBJC_IMPLEMENTATIONS = YES;
				CLANG_WARN_DIRECT_OBJC_ISA_USAGE = YES_ERROR;
				CLANG_WARN_DOCUMENTATION_COMMENTS = YES;
				CLANG_WARN_EMPTY_BODY = YES;
				CLANG_WARN_ENUM_CONVERSION = YES;
				CLANG_WARN_INFINITE_RECURSION = YES;
				CLANG_WARN_INT_CONVERSION = YES;
				CLANG_WARN_NON_LITERAL_NULL_CONVERSION = YES;
				CLANG_WARN_OBJC_IMPLICIT_RETAIN_SELF = YES;
				CLANG_WARN_OBJC_LITERAL_CONVERSION = YES;
				CLANG_WARN_OBJC_ROOT_CLASS = YES_ERROR;
				CLANG_WARN_QUOTED_INCLUDE_IN_FRAMEWORK_HEADER = YES;
				CLANG_WARN_RANGE_LOOP_ANALYSIS = YES;
				CLANG_WARN_STRICT_PROTOTYPES = YES;
				CLANG_WARN_SUSPICIOUS_MOVE = YES;
				CLANG_WARN_UNGUARDED_AVAILABILITY = YES_AGGRESSIVE;
				CLANG_WARN_UNREACHABLE_CODE = YES;
				CLANG_WARN__DUPLICATE_METHOD_MATCH = YES;
				COPY_PHASE_STRIP = NO;
				DEBUG_INFORMATION_FORMAT = "dwarf-with-dsym";
				ENABLE_NS_ASSERTIONS = NO;
				ENABLE_STRICT_OBJC_MSGSEND = YES;
				GCC_C_LANGUAGE_STANDARD = gnu11;
				GCC_NO_COMMON_BLOCKS = YES;
				GCC_WARN_64_TO_32_BIT_CONVERSION = YES;
				GCC_WARN_ABOUT_RETURN_TYPE = YES_ERROR;
				GCC_WARN_UNDECLARED_SELECTOR = YES;
				GCC_WARN_UNINITIALIZED_AUTOS = YES_AGGRESSIVE;
				GCC_WARN_UNUSED_FUNCTION = YES;
				GCC_WARN_UNUSED_VARIABLE = YES;
				IPHONEOS_DEPLOYMENT_TARGET = 13.0;
				MTL_ENABLE_DEBUG_INFO = NO;
				MTL_FAST_MATH = YES;
				SDKROOT = iphoneos;
				SWIFT_COMPILATION_MODE = wholemodule;
				SWIFT_OPTIMIZATION_LEVEL = "-O";
				VALIDATE_PRODUCT = YES;
			};
			name = Release;
		};
		8CBA62FC26FC8D6D00EFD030 /* Debug */ = {
			isa = XCBuildConfiguration;
			baseConfigurationReference = D8D9362BE4D8BDE74B874CC5 /* Pods-Personal.debug.xcconfig */;
			buildSettings = {
				ASSETCATALOG_COMPILER_APPICON_NAME = AppIcon;
				ASSETCATALOG_COMPILER_GLOBAL_ACCENT_COLOR_NAME = AccentColor;
				CODE_SIGN_STYLE = Automatic;
				DEVELOPMENT_TEAM = N82ZFP7PC6;
				INFOPLIST_FILE = Personal/Info.plist;
				IPHONEOS_DEPLOYMENT_TARGET = 13.0;
				LD_RUNPATH_SEARCH_PATHS = (
					"$(inherited)",
					"@executable_path/Frameworks",
				);
				PRODUCT_BUNDLE_IDENTIFIER = com.naver.knockotd999.Personal;
				PRODUCT_NAME = "$(TARGET_NAME)";
				SWIFT_VERSION = 5.0;
				TARGETED_DEVICE_FAMILY = "1,2";
			};
			name = Debug;
		};
		8CBA62FD26FC8D6D00EFD030 /* Release */ = {
			isa = XCBuildConfiguration;
			baseConfigurationReference = F4DA7BFC2AED88A8A06BD4EA /* Pods-Personal.release.xcconfig */;
			buildSettings = {
				ASSETCATALOG_COMPILER_APPICON_NAME = AppIcon;
				ASSETCATALOG_COMPILER_GLOBAL_ACCENT_COLOR_NAME = AccentColor;
				CODE_SIGN_STYLE = Automatic;
				DEVELOPMENT_TEAM = N82ZFP7PC6;
				INFOPLIST_FILE = Personal/Info.plist;
				IPHONEOS_DEPLOYMENT_TARGET = 13.0;
				LD_RUNPATH_SEARCH_PATHS = (
					"$(inherited)",
					"@executable_path/Frameworks",
				);
				PRODUCT_BUNDLE_IDENTIFIER = com.naver.knockotd999.Personal;
				PRODUCT_NAME = "$(TARGET_NAME)";
				SWIFT_VERSION = 5.0;
				TARGETED_DEVICE_FAMILY = "1,2";
			};
			name = Release;
		};
		8CBA62FF26FC8D6D00EFD030 /* Debug */ = {
			isa = XCBuildConfiguration;
			baseConfigurationReference = 7DE3BF82D1C1D6E2F0C73570 /* Pods-PersonalTests.debug.xcconfig */;
			buildSettings = {
				ALWAYS_EMBED_SWIFT_STANDARD_LIBRARIES = YES;
				BUNDLE_LOADER = "$(TEST_HOST)";
				CODE_SIGN_STYLE = Automatic;
				DEVELOPMENT_TEAM = N82ZFP7PC6;
				INFOPLIST_FILE = PersonalTests/Info.plist;
				IPHONEOS_DEPLOYMENT_TARGET = 13.0;
				LD_RUNPATH_SEARCH_PATHS = (
					"$(inherited)",
					"@executable_path/Frameworks",
					"@loader_path/Frameworks",
				);
				PRODUCT_BUNDLE_IDENTIFIER = com.naver.knockotd999.PersonalTests;
				PRODUCT_NAME = "$(TARGET_NAME)";
				SWIFT_VERSION = 5.0;
				TARGETED_DEVICE_FAMILY = "1,2";
				TEST_HOST = "$(BUILT_PRODUCTS_DIR)/Personal.app/Personal";
			};
			name = Debug;
		};
		8CBA630026FC8D6D00EFD030 /* Release */ = {
			isa = XCBuildConfiguration;
			baseConfigurationReference = DB630CAEA038775CCB5D6A68 /* Pods-PersonalTests.release.xcconfig */;
			buildSettings = {
				ALWAYS_EMBED_SWIFT_STANDARD_LIBRARIES = YES;
				BUNDLE_LOADER = "$(TEST_HOST)";
				CODE_SIGN_STYLE = Automatic;
				DEVELOPMENT_TEAM = N82ZFP7PC6;
				INFOPLIST_FILE = PersonalTests/Info.plist;
				IPHONEOS_DEPLOYMENT_TARGET = 13.0;
				LD_RUNPATH_SEARCH_PATHS = (
					"$(inherited)",
					"@executable_path/Frameworks",
					"@loader_path/Frameworks",
				);
				PRODUCT_BUNDLE_IDENTIFIER = com.naver.knockotd999.PersonalTests;
				PRODUCT_NAME = "$(TARGET_NAME)";
				SWIFT_VERSION = 5.0;
				TARGETED_DEVICE_FAMILY = "1,2";
				TEST_HOST = "$(BUILT_PRODUCTS_DIR)/Personal.app/Personal";
			};
			name = Release;
		};
		8CBA630226FC8D6D00EFD030 /* Debug */ = {
			isa = XCBuildConfiguration;
			baseConfigurationReference = 6F66D734FA3BDAA0639F01F5 /* Pods-Personal-PersonalUITests.debug.xcconfig */;
			buildSettings = {
				ALWAYS_EMBED_SWIFT_STANDARD_LIBRARIES = YES;
				CODE_SIGN_STYLE = Automatic;
				DEVELOPMENT_TEAM = N82ZFP7PC6;
				INFOPLIST_FILE = PersonalUITests/Info.plist;
				LD_RUNPATH_SEARCH_PATHS = (
					"$(inherited)",
					"@executable_path/Frameworks",
					"@loader_path/Frameworks",
				);
				PRODUCT_BUNDLE_IDENTIFIER = com.naver.knockotd999.PersonalUITests;
				PRODUCT_NAME = "$(TARGET_NAME)";
				SWIFT_VERSION = 5.0;
				TARGETED_DEVICE_FAMILY = "1,2";
				TEST_TARGET_NAME = Personal;
			};
			name = Debug;
		};
		8CBA630326FC8D6D00EFD030 /* Release */ = {
			isa = XCBuildConfiguration;
			baseConfigurationReference = AFC9514113CDE319F57F4CEB /* Pods-Personal-PersonalUITests.release.xcconfig */;
			buildSettings = {
				ALWAYS_EMBED_SWIFT_STANDARD_LIBRARIES = YES;
				CODE_SIGN_STYLE = Automatic;
				DEVELOPMENT_TEAM = N82ZFP7PC6;
				INFOPLIST_FILE = PersonalUITests/Info.plist;
				LD_RUNPATH_SEARCH_PATHS = (
					"$(inherited)",
					"@executable_path/Frameworks",
					"@loader_path/Frameworks",
				);
				PRODUCT_BUNDLE_IDENTIFIER = com.naver.knockotd999.PersonalUITests;
				PRODUCT_NAME = "$(TARGET_NAME)";
				SWIFT_VERSION = 5.0;
				TARGETED_DEVICE_FAMILY = "1,2";
				TEST_TARGET_NAME = Personal;
			};
			name = Release;
		};
/* End XCBuildConfiguration section */

/* Begin XCConfigurationList section */
		8CBA62CC26FC8D6C00EFD030 /* Build configuration list for PBXProject "Personal" */ = {
			isa = XCConfigurationList;
			buildConfigurations = (
				8CBA62F926FC8D6D00EFD030 /* Debug */,
				8CBA62FA26FC8D6D00EFD030 /* Release */,
			);
			defaultConfigurationIsVisible = 0;
			defaultConfigurationName = Release;
		};
		8CBA62FB26FC8D6D00EFD030 /* Build configuration list for PBXNativeTarget "Personal" */ = {
			isa = XCConfigurationList;
			buildConfigurations = (
				8CBA62FC26FC8D6D00EFD030 /* Debug */,
				8CBA62FD26FC8D6D00EFD030 /* Release */,
			);
			defaultConfigurationIsVisible = 0;
			defaultConfigurationName = Release;
		};
		8CBA62FE26FC8D6D00EFD030 /* Build configuration list for PBXNativeTarget "PersonalTests" */ = {
			isa = XCConfigurationList;
			buildConfigurations = (
				8CBA62FF26FC8D6D00EFD030 /* Debug */,
				8CBA630026FC8D6D00EFD030 /* Release */,
			);
			defaultConfigurationIsVisible = 0;
			defaultConfigurationName = Release;
		};
		8CBA630126FC8D6D00EFD030 /* Build configuration list for PBXNativeTarget "PersonalUITests" */ = {
			isa = XCConfigurationList;
			buildConfigurations = (
				8CBA630226FC8D6D00EFD030 /* Debug */,
				8CBA630326FC8D6D00EFD030 /* Release */,
			);
			defaultConfigurationIsVisible = 0;
			defaultConfigurationName = Release;
		};
/* End XCConfigurationList section */
	};
	rootObject = 8CBA62C926FC8D6C00EFD030 /* Project object */;
}
